
Microsoft Visual Studio Solution File, Format Version 12.00
# Visual Studio Version 17
VisualStudioVersion = 17.7.34031.279
MinimumVisualStudioVersion = 10.0.40219.1
Project("{FAE04EC0-301F-11D3-BF4B-00C04F79EFBC}") = "SubRedditStatus.API", "SubRedditStatus.API\SubRedditStatus.API.csproj", "{17166BFD-111E-4EA4-8D53-AFB386AE096A}"
EndProject
Project("{FAE04EC0-301F-11D3-BF4B-00C04F79EFBC}") = "RedditPosts", "RedditPosts\RedditPosts.csproj", "{F92A2C3A-E67D-44C5-938D-D4AEE6B64C9B}"
	ProjectSection(ProjectDependencies) = postProject
		{17166BFD-111E-4EA4-8D53-AFB386AE096A} = {17166BFD-111E-4EA4-8D53-AFB386AE096A}
	EndProjectSection
EndProject
Project("{FAE04EC0-301F-11D3-BF4B-00C04F79EFBC}") = "SubRedditStatus.Shared", "SubRedditStatus.Shared\SubRedditStatus.Shared.csproj", "{2EE387D0-EAD3-4991-AA22-FFE17CEA6577}"
EndProject
Project("{FAE04EC0-301F-11D3-BF4B-00C04F79EFBC}") = "SubRedditStatus.API.Tests", "SubRedditStatus.API.Tests\SubRedditStatus.API.Tests.csproj", "{21127FB2-4441-4625-A835-E446806F1D63}"
EndProject
Global
	GlobalSection(SolutionConfigurationPlatforms) = preSolution
		Debug|Any CPU = Debug|Any CPU
		Release|Any CPU = Release|Any CPU
	EndGlobalSection
	GlobalSection(ProjectConfigurationPlatforms) = postSolution
		{17166BFD-111E-4EA4-8D53-AFB386AE096A}.Debug|Any CPU.ActiveCfg = Debug|Any CPU
		{17166BFD-111E-4EA4-8D53-AFB386AE096A}.Debug|Any CPU.Build.0 = Debug|Any CPU
		{17166BFD-111E-4EA4-8D53-AFB386AE096A}.Release|Any CPU.ActiveCfg = Release|Any CPU
		{17166BFD-111E-4EA4-8D53-AFB386AE096A}.Release|Any CPU.Build.0 = Release|Any CPU
		{F92A2C3A-E67D-44C5-938D-D4AEE6B64C9B}.Debug|Any CPU.ActiveCfg = Debug|Any CPU
		{F92A2C3A-E67D-44C5-938D-D4AEE6B64C9B}.Debug|Any CPU.Build.0 = Debug|Any CPU
		{F92A2C3A-E67D-44C5-938D-D4AEE6B64C9B}.Release|Any CPU.ActiveCfg = Release|Any CPU
		{F92A2C3A-E67D-44C5-938D-D4AEE6B64C9B}.Release|Any CPU.Build.0 = Release|Any CPU
		{2EE387D0-EAD3-4991-AA22-FFE17CEA6577}.Debug|Any CPU.ActiveCfg = Debug|Any CPU
		{2EE387D0-EAD3-4991-AA22-FFE17CEA6577}.Debug|Any CPU.Build.0 = Debug|Any CPU
		{2EE387D0-EAD3-4991-AA22-FFE17CEA6577}.Release|Any CPU.ActiveCfg = Release|Any CPU
		{2EE387D0-EAD3-4991-AA22-FFE17CEA6577}.Release|Any CPU.Build.0 = Release|Any CPU
		{21127FB2-4441-4625-A835-E446806F1D63}.Debug|Any CPU.ActiveCfg = Debug|Any CPU
		{21127FB2-4441-4625-A835-E446806F1D63}.Debug|Any CPU.Build.0 = Debug|Any CPU
		{21127FB2-4441-4625-A835-E446806F1D63}.Release|Any CPU.ActiveCfg = Release|Any CPU
		{21127FB2-4441-4625-A835-E446806F1D63}.Release|Any CPU.Build.0 = Release|Any CPU
	EndGlobalSection
	GlobalSection(SolutionProperties) = preSolution
		HideSolutionNode = FALSE
	EndGlobalSection
	GlobalSection(ExtensibilityGlobals) = postSolution
		SolutionGuid = {5099EEE2-F39B-4731-A6C7-B0B7A04032B2}
	EndGlobalSection
EndGlobal
